
Microsoft Visual Studio Solution File, Format Version 12.00
# Visual Studio Version 17
VisualStudioVersion = 17.10.34928.147
MinimumVisualStudioVersion = 10.0.40219.1
Project("{9A19103F-16F7-4668-BE54-9A1E7A4F7556}") = "Fota", "Fota\Fota.csproj", "{ABFC6980-5E12-4EC9-AA86-6B28010952FF}"
EndProject
Project("{9A19103F-16F7-4668-BE54-9A1E7A4F7556}") = "Fota.DataLayer", "Fota.DataLayer\Fota.DataLayer.csproj", "{389680B9-FDFC-4030-B385-AE861FE3AB6F}"
EndProject
Project("{9A19103F-16F7-4668-BE54-9A1E7A4F7556}") = "Fota.BusinessLayer", "Fota.BusinessLayer\Fota.BusinessLayer.csproj", "{367DC6A3-A5BD-4316-8CAB-AFA6B289B18D}"
EndProject
Project("{D954291E-2A0B-460D-934E-DC6B0785DB48}") = "SharedProjectDTOs", "SharedProjectDTOs\SharedProjectDTOs.shproj", "{612812EF-523E-499D-A712-AF915C3EDD7B}"
EndProject
Global
	GlobalSection(SolutionConfigurationPlatforms) = preSolution
		Debug|Any CPU = Debug|Any CPU
		Release|Any CPU = Release|Any CPU
	EndGlobalSection
	GlobalSection(ProjectConfigurationPlatforms) = postSolution
		{ABFC6980-5E12-4EC9-AA86-6B28010952FF}.Debug|Any CPU.ActiveCfg = Debug|Any CPU
		{ABFC6980-5E12-4EC9-AA86-6B28010952FF}.Debug|Any CPU.Build.0 = Debug|Any CPU
		{ABFC6980-5E12-4EC9-AA86-6B28010952FF}.Release|Any CPU.ActiveCfg = Release|Any CPU
		{ABFC6980-5E12-4EC9-AA86-6B28010952FF}.Release|Any CPU.Build.0 = Release|Any CPU
		{389680B9-FDFC-4030-B385-AE861FE3AB6F}.Debug|Any CPU.ActiveCfg = Debug|Any CPU
		{389680B9-FDFC-4030-B385-AE861FE3AB6F}.Debug|Any CPU.Build.0 = Debug|Any CPU
		{389680B9-FDFC-4030-B385-AE861FE3AB6F}.Release|Any CPU.ActiveCfg = Release|Any CPU
		{389680B9-FDFC-4030-B385-AE861FE3AB6F}.Release|Any CPU.Build.0 = Release|Any CPU
		{367DC6A3-A5BD-4316-8CAB-AFA6B289B18D}.Debug|Any CPU.ActiveCfg = Debug|Any CPU
		{367DC6A3-A5BD-4316-8CAB-AFA6B289B18D}.Debug|Any CPU.Build.0 = Debug|Any CPU
		{367DC6A3-A5BD-4316-8CAB-AFA6B289B18D}.Release|Any CPU.ActiveCfg = Release|Any CPU
		{367DC6A3-A5BD-4316-8CAB-AFA6B289B18D}.Release|Any CPU.Build.0 = Release|Any CPU
	EndGlobalSection
	GlobalSection(SolutionProperties) = preSolution
		HideSolutionNode = FALSE
	EndGlobalSection
	GlobalSection(ExtensibilityGlobals) = postSolution
		SolutionGuid = {59AD22BE-DFCD-4170-A670-1A9BA8465272}
	EndGlobalSection
	GlobalSection(SharedMSBuildProjectFiles) = preSolution
		SharedProjectDTOs\SharedProjectDTOs.projitems*{367dc6a3-a5bd-4316-8cab-afa6b289b18d}*SharedItemsImports = 5
		SharedProjectDTOs\SharedProjectDTOs.projitems*{612812ef-523e-499d-a712-af915c3edd7b}*SharedItemsImports = 13
		SharedProjectDTOs\SharedProjectDTOs.projitems*{abfc6980-5e12-4ec9-aa86-6b28010952ff}*SharedItemsImports = 5
	EndGlobalSection
EndGlobal
